PODS:
  - Alamofire (4.4.0)
  - Bolts (1.8.4):
    - Bolts/AppLinks (= 1.8.4)
    - Bolts/Tasks (= 1.8.4)
  - Bolts/AppLinks (1.8.4):
    - Bolts/Tasks
  - Bolts/Tasks (1.8.4)
  - Reveal-iOS-SDK (1.6.2)

DEPENDENCIES:
  - Alamofire (~> 4.4)
  - Bolts (~> 1.8)
  - Reveal-iOS-SDK (~> 1.6)

SPEC CHECKSUMS:
  Alamofire: dc44b1600b800eb63da6a19039a0083d62a6a62d
  Bolts: 8a7995239dbe724f9cba2248b766d48b7ebdd322
  Reveal-iOS-SDK: e2250b3c155bcfac53ae223ddc1f76d08f206c33

PODFILE CHECKSUM: 1790673fabcd2bd8a9a34a0e1989b979023aa649

COCOAPODS: 1.2.0
