// !$*UTF8*$!
{
	archiveVersion = 1;
	classes = {
	};
	objectVersion = 46;
	objects = {

/* Begin PBXBuildFile section */
		7AEF09841E8431120004368A /* AppDelegate.swift in Sources */ = {isa = PBXBuildFile; fileRef = 7AEF09831E8431120004368A /* AppDelegate.swift */; };
		7AEF09861E8431120004368A /* ViewController.swift in Sources */ = {isa = PBXBuildFile; fileRef = 7AEF09851E8431120004368A /* ViewController.swift */; };
		7AEF09891E8431120004368A /* Main.storyboard in Resources */ = {isa = PBXBuildFile; fileRef = 7AEF09871E8431120004368A /* Main.storyboard */; };
		7AEF098B1E8431120004368A /* Assets.xcassets in Resources */ = {isa = PBXBuildFile; fileRef = 7AEF098A1E8431120004368A /* Assets.xcassets */; };
		7AEF098E1E8431120004368A /* LaunchScreen.storyboard in Resources */ = {isa = PBXBuildFile; fileRef = 7AEF098C1E8431120004368A /* LaunchScreen.storyboard */; };
		7C498285A97B0C4F2F9294D8 /* Pods_EmptyCocoapodsProject.framework in Frameworks */ = {isa = PBXBuildFile; fileRef = 0326ECF7ABD4C2270348D477 /* Pods_EmptyCocoapodsProject.framework */; };
/* End PBXBuildFile section */

/* Begin PBXFileReference section */
		0326ECF7ABD4C2270348D477 /* Pods_EmptyCocoapodsProject.framework */ = {isa = PBXFileReference; explicitFileType = wrapper.framework; includeInIndex = 0; path = Pods_EmptyCocoapodsProject.framework; sourceTree = BUILT_PRODUCTS_DIR; };
		27179FB7E64AA1B96903D001 /* Pods-EmptyCocoapodsProject.release.xcconfig */ = {isa = PBXFileReference; includeInIndex = 1; lastKnownFileType = text.xcconfig; name = "Pods-EmptyCocoapodsProject.release.xcconfig"; path = "Pods/Target Support Files/Pods-EmptyCocoapodsProject/Pods-EmptyCocoapodsProject.release.xcconfig"; sourceTree = "<group>"; };
		7AEF09801E8431120004368A /* EmptyCocoapodsProject.app */ = {isa = PBXFileReference; explicitFileType = wrapper.application; includeInIndex = 0; path = EmptyCocoapodsProject.app; sourceTree = BUILT_PRODUCTS_DIR; };
		7AEF09831E8431120004368A /* AppDelegate.swift */ = {isa = PBXFileReference; lastKnownFileType = sourcecode.swift; path = AppDelegate.swift; sourceTree = "<group>"; };
		7AEF09851E8431120004368A /* ViewController.swift */ = {isa = PBXFileReference; lastKnownFileType = sourcecode.swift; path = ViewController.swift; sourceTree = "<group>"; };
		7AEF09881E8431120004368A /* Base */ = {isa = PBXFileReference; lastKnownFileType = file.storyboard; name = Base; path = Base.lproj/Main.storyboard; sourceTree = "<group>"; };
		7AEF098A1E8431120004368A /* Assets.xcassets */ = {isa = PBXFileReference; lastKnownFileType = folder.assetcatalog; path = Assets.xcassets; sourceTree = "<group>"; };
		7AEF098D1E8431120004368A /* Base */ = {isa = PBXFileReference; lastKnownFileType = file.storyboard; name = Base; path = Base.lproj/LaunchScreen.storyboard; sourceTree = "<group>"; };
		7AEF098F1E8431120004368A /* Info.plist */ = {isa = PBXFileReference; lastKnownFileType = text.plist.xml; path = Info.plist; sourceTree = "<group>"; };
		E430EA21DE2E927A69E1327B /* Pods-EmptyCocoapodsProject.debug.xcconfig */ = {isa = PBXFileReference; includeInIndex = 1; lastKnownFileType = text.xcconfig; name = "Pods-EmptyCocoapodsProject.debug.xcconfig"; path = "Pods/Target Support Files/Pods-EmptyCocoapodsProject/Pods-EmptyCocoapodsProject.debug.xcconfig"; sourceTree = "<group>"; };
/* End PBXFileReference section */

/* Begin PBXFrameworksBuildPhase section */
		7AEF097D1E8431120004368A /* Frameworks */ = {
			isa = PBXFrameworksBuildPhase;
			buildActionMask = 2147483647;
			files = (
				7C498285A97B0C4F2F9294D8 /* Pods_EmptyCocoapodsProject.framework in Frameworks */,
			);
			runOnlyForDeploymentPostprocessing = 0;
		};
/* End PBXFrameworksBuildPhase section */

/* Begin PBXGroup section */
		52ACC802509C370074302C74 /* Pods */ = {
			isa = PBXGroup;
			children = (
				E430EA21DE2E927A69E1327B /* Pods-EmptyCocoapodsProject.debug.xcconfig */,
				27179FB7E64AA1B96903D001 /* Pods-EmptyCocoapodsProject.release.xcconfig */,
			);
			name = Pods;
			sourceTree = "<group>";
		};
		7AEF09771E8431120004368A = {
			isa = PBXGroup;
			children = (
				7AEF09821E8431120004368A /* EmptyCocoapodsProject */,
				7AEF09811E8431120004368A /* Products */,
				52ACC802509C370074302C74 /* Pods */,
				9C31D5D9FF4E535E4D1F9163 /* Frameworks */,
			);
			sourceTree = "<group>";
		};
		7AEF09811E8431120004368A /* Products */ = {
			isa = PBXGroup;
			children = (
				7AEF09801E8431120004368A /* EmptyCocoapodsProject.app */,
			);
			name = Products;
			sourceTree = "<group>";
		};
		7AEF09821E8431120004368A /* EmptyCocoapodsProject */ = {
			isa = PBXGroup;
			children = (
				7AEF09831E8431120004368A /* AppDelegate.swift */,
				7AEF09851E8431120004368A /* ViewController.swift */,
				7AEF09871E8431120004368A /* Main.storyboard */,
				7AEF098A1E8431120004368A /* Assets.xcassets */,
				7AEF098C1E8431120004368A /* LaunchScreen.storyboard */,
				7AEF098F1E8431120004368A /* Info.plist */,
			);
			path = EmptyCocoapodsProject;
			sourceTree = "<group>";
		};
		9C31D5D9FF4E535E4D1F9163 /* Frameworks */ = {
			isa = PBXGroup;
			children = (
				0326ECF7ABD4C2270348D477 /* Pods_EmptyCocoapodsProject.framework */,
			);
			name = Frameworks;
			sourceTree = "<group>";
		};
/* End PBXGroup section */

/* Begin PBXNativeTarget section */
		7AEF097F1E8431120004368A /* EmptyCocoapodsProject */ = {
			isa = PBXNativeTarget;
			buildConfigurationList = 7AEF09921E8431120004368A /* Build configuration list for PBXNativeTarget "EmptyCocoapodsProject" */;
			buildPhases = (
				8475E4536BFB9A55A2D601A9 /* [CP] Check Pods Manifest.lock */,
				7AEF097C1E8431120004368A /* Sources */,
				7AEF097D1E8431120004368A /* Frameworks */,
				7AEF097E1E8431120004368A /* Resources */,
				643C94FA829EF280404764E1 /* [CP] Embed Pods Frameworks */,
				4EA846139E23905B8721B461 /* [CP] Copy Pods Resources */,
			);
			buildRules = (
			);
			dependencies = (
			);
			name = EmptyCocoapodsProject;
			productName = EmptyCocoapodsProject;
			productReference = 7AEF09801E8431120004368A /* EmptyCocoapodsProject.app */;
			productType = "com.apple.product-type.application";
		};
/* End PBXNativeTarget section */

/* Begin PBXProject section */
		7AEF09781E8431120004368A /* Project object */ = {
			isa = PBXProject;
			attributes = {
				LastSwiftUpdateCheck = 0820;
				LastUpgradeCheck = 0820;
				ORGANIZATIONNAME = "Perfectly-Cooked";
				TargetAttributes = {
					7AEF097F1E8431120004368A = {
						CreatedOnToolsVersion = 8.2.1;
						DevelopmentTeam = 8VS9JKFDZS;
						ProvisioningStyle = Automatic;
					};
				};
			};
			buildConfigurationList = 7AEF097B1E8431120004368A /* Build configuration list for PBXProject "EmptyCocoapodsProject" */;
			compatibilityVersion = "Xcode 3.2";
			developmentRegion = English;
			hasScannedForEncodings = 0;
			knownRegions = (
				en,
				Base,
			);
			mainGroup = 7AEF09771E8431120004368A;
			productRefGroup = 7AEF09811E8431120004368A /* Products */;
			projectDirPath = "";
			projectRoot = "";
			targets = (
				7AEF097F1E8431120004368A /* EmptyCocoapodsProject */,
			);
		};
/* End PBXProject section */

/* Begin PBXResourcesBuildPhase section */
		7AEF097E1E8431120004368A /* Resources */ = {
			isa = PBXResourcesBuildPhase;
			buildActionMask = 2147483647;
			files = (
				7AEF098E1E8431120004368A /* LaunchScreen.storyboard in Resources */,
				7AEF098B1E8431120004368A /* Assets.xcassets in Resources */,
				7AEF09891E8431120004368A /* Main.storyboard in Resources */,
			);
			runOnlyForDeploymentPostprocessing = 0;
		};
/* End PBXResourcesBuildPhase section */

/* Begin PBXShellScriptBuildPhase section */
		4EA846139E23905B8721B461 /* [CP] Copy Pods Resources */ = {
			isa = PBXShellScriptBuildPhase;
			buildActionMask = 2147483647;
			files = (
			);
			inputPaths = (
			);
			name = "[CP] Copy Pods Resources";
			outputPaths = (
			);
			runOnlyForDeploymentPostprocessing = 0;
			shellPath = /bin/sh;
			shellScript = "\"${SRCROOT}/Pods/Target Support Files/Pods-EmptyCocoapodsProject/Pods-EmptyCocoapodsProject-resources.sh\"\n";
			showEnvVarsInLog = 0;
		};
		643C94FA829EF280404764E1 /* [CP] Embed Pods Frameworks */ = {
			isa = PBXShellScriptBuildPhase;
			buildActionMask = 2147483647;
			files = (
			);
			inputPaths = (
			);
			name = "[CP] Embed Pods Frameworks";
			outputPaths = (
			);
			runOnlyForDeploymentPostprocessing = 0;
			shellPath = /bin/sh;
			shellScript = "\"${SRCROOT}/Pods/Target Support Files/Pods-EmptyCocoapodsProject/Pods-EmptyCocoapodsProject-frameworks.sh\"\n";
			showEnvVarsInLog = 0;
		};
		8475E4536BFB9A55A2D601A9 /* [CP] Check Pods Manifest.lock */ = {
			isa = PBXShellScriptBuildPhase;
			buildActionMask = 2147483647;
			files = (
			);
			inputPaths = (
			);
			name = "[CP] Check Pods Manifest.lock";
			outputPaths = (
			);
			runOnlyForDeploymentPostprocessing = 0;
			shellPath = /bin/sh;
			shellScript = "diff \"${PODS_ROOT}/../Podfile.lock\" \"${PODS_ROOT}/Manifest.lock\" > /dev/null\nif [ $? != 0 ] ; then\n    # print error to STDERR\n    echo \"error: The sandbox is not in sync with the Podfile.lock. Run 'pod install' or update your CocoaPods installation.\" >&2\n    exit 1\nfi\n";
			showEnvVarsInLog = 0;
		};
/* End PBXShellScriptBuildPhase section */

/* Begin PBXSourcesBuildPhase section */
		7AEF097C1E8431120004368A /* Sources */ = {
			isa = PBXSourcesBuildPhase;
			buildActionMask = 2147483647;
			files = (
				7AEF09861E8431120004368A /* ViewController.swift in Sources */,
				7AEF09841E8431120004368A /* AppDelegate.swift in Sources */,
			);
			runOnlyForDeploymentPostprocessing = 0;
		};
/* End PBXSourcesBuildPhase section */

/* Begin PBXVariantGroup section */
		7AEF09871E8431120004368A /* Main.storyboard */ = {
			isa = PBXVariantGroup;
			children = (
				7AEF09881E8431120004368A /* Base */,
			);
			name = Main.storyboard;
			sourceTree = "<group>";
		};
		7AEF098C1E8431120004368A /* LaunchScreen.storyboard */ = {
			isa = PBXVariantGroup;
			children = (
				7AEF098D1E8431120004368A /* Base */,
			);
			name = LaunchScreen.storyboard;
			sourceTree = "<group>";
		};
/* End PBXVariantGroup section */

/* Begin XCBuildConfiguration section */
		7AEF09901E8431120004368A /* Debug */ = {
			isa = XCBuildConfiguration;
			buildSettings = {
				ALWAYS_SEARCH_USER_PATHS = NO;
				CLANG_ANALYZER_NONNULL = YES;
				CLANG_CXX_LANGUAGE_STANDARD = "gnu++0x";
				CLANG_CXX_LIBRARY = "libc++";
				CLANG_ENABLE_MODULES = YES;
				CLANG_ENABLE_OBJC_ARC = YES;
				CLANG_WARN_BOOL_CONVERSION = YES;
				CLANG_WARN_CONSTANT_CONVERSION = YES;
				CLANG_WARN_DIRECT_OBJC_ISA_USAGE = YES_ERROR;
				CLANG_WARN_DOCUMENTATION_COMMENTS = YES;
				CLANG_WARN_EMPTY_BODY = YES;
				CLANG_WARN_ENUM_CONVERSION = YES;
				CLANG_WARN_INFINITE_RECURSION = YES;
				CLANG_WARN_INT_CONVERSION = YES;
				CLANG_WARN_OBJC_ROOT_CLASS = YES_ERROR;
				CLANG_WARN_SUSPICIOUS_MOVE = YES;
				CLANG_WARN_UNREACHABLE_CODE = YES;
				CLANG_WARN__DUPLICATE_METHOD_MATCH = YES;
				"CODE_SIGN_IDENTITY[sdk=iphoneos*]" = "iPhone Developer";
				COPY_PHASE_STRIP = NO;
				DEBUG_INFORMATION_FORMAT = dwarf;
				ENABLE_STRICT_OBJC_MSGSEND = YES;
				ENABLE_TESTABILITY = YES;
				GCC_C_LANGUAGE_STANDARD = gnu99;
				GCC_DYNAMIC_NO_PIC = NO;
				GCC_NO_COMMON_BLOCKS = YES;
				GCC_OPTIMIZATION_LEVEL = 0;
				GCC_PREPROCESSOR_DEFINITIONS = (
					"DEBUG=1",
					"$(inherited)",
				);
				GCC_WARN_64_TO_32_BIT_CONVERSION = YES;
				GCC_WARN_ABOUT_RETURN_TYPE = YES_ERROR;
				GCC_WARN_UNDECLARED_SELECTOR = YES;
				GCC_WARN_UNINITIALIZED_AUTOS = YES_AGGRESSIVE;
				GCC_WARN_UNUSED_FUNCTION = YES;
				GCC_WARN_UNUSED_VARIABLE = YES;
				IPHONEOS_DEPLOYMENT_TARGET = 10.2;
				MTL_ENABLE_DEBUG_INFO = YES;
				ONLY_ACTIVE_ARCH = YES;
				SDKROOT = iphoneos;
				SWIFT_ACTIVE_COMPILATION_CONDITIONS = DEBUG;
				SWIFT_OPTIMIZATION_LEVEL = "-Onone";
				TARGETED_DEVICE_FAMILY = "1,2";
			};
			name = Debug;
		};
		7AEF09911E8431120004368A /* Release */ = {
			isa = XCBuildConfiguration;
			buildSettings = {
				ALWAYS_SEARCH_USER_PATHS = NO;
				CLANG_ANALYZER_NONNULL = YES;
				CLANG_CXX_LANGUAGE_STANDARD = "gnu++0x";
				CLANG_CXX_LIBRARY = "libc++";
				CLANG_ENABLE_MODULES = YES;
				CLANG_ENABLE_OBJC_ARC = YES;
				CLANG_WARN_BOOL_CONVERSION = YES;
				CLANG_WARN_CONSTANT_CONVERSION = YES;
				CLANG_WARN_DIRECT_OBJC_ISA_USAGE = YES_ERROR;
				CLANG_WARN_DOCUMENTATION_COMMENTS = YES;
				CLANG_WARN_EMPTY_BODY = YES;
				CLANG_WARN_ENUM_CONVERSION = YES;
				CLANG_WARN_INFINITE_RECURSION = YES;
				CLANG_WARN_INT_CONVERSION = YES;
				CLANG_WARN_OBJC_ROOT_CLASS = YES_ERROR;
				CLANG_WARN_SUSPICIOUS_MOVE = YES;
				CLANG_WARN_UNREACHABLE_CODE = YES;
				CLANG_WARN__DUPLICATE_METHOD_MATCH = YES;
				"CODE_SIGN_IDENTITY[sdk=iphoneos*]" = "iPhone Developer";
				COPY_PHASE_STRIP = NO;
				DEBUG_INFORMATION_FORMAT = "dwarf-with-dsym";
				ENABLE_NS_ASSERTIONS = NO;
				ENABLE_STRICT_OBJC_MSGSEND = YES;
				GCC_C_LANGUAGE_STANDARD = gnu99;
				GCC_NO_COMMON_BLOCKS = YES;
				GCC_WARN_64_TO_32_BIT_CONVERSION = YES;
				GCC_WARN_ABOUT_RETURN_TYPE = YES_ERROR;
				GCC_WARN_UNDECLARED_SELECTOR = YES;
				GCC_WARN_UNINITIALIZED_AUTOS = YES_AGGRESSIVE;
				GCC_WARN_UNUSED_FUNCTION = YES;
				GCC_WARN_UNUSED_VARIABLE = YES;
				IPHONEOS_DEPLOYMENT_TARGET = 10.2;
				MTL_ENABLE_DEBUG_INFO = NO;
				SDKROOT = iphoneos;
				SWIFT_OPTIMIZATION_LEVEL = "-Owholemodule";
				TARGETED_DEVICE_FAMILY = "1,2";
				VALIDATE_PRODUCT = YES;
			};
			name = Release;
		};
		7AEF09931E8431120004368A /* Debug */ = {
			isa = XCBuildConfiguration;
			baseConfigurationReference = E430EA21DE2E927A69E1327B /* Pods-EmptyCocoapodsProject.debug.xcconfig */;
			buildSettings = {
				ASSETCATALOG_COMPILER_APPICON_NAME = AppIcon;
				DEVELOPMENT_TEAM = 8VS9JKFDZS;
				INFOPLIST_FILE = EmptyCocoapodsProject/Info.plist;
				LD_RUNPATH_SEARCH_PATHS = "$(inherited) @executable_path/Frameworks";
				PRODUCT_BUNDLE_IDENTIFIER = "com.perfectly-cooked.EmptyCocoapodsProject";
				PRODUCT_NAME = "$(TARGET_NAME)";
				SWIFT_VERSION = 3.0;
			};
			name = Debug;
		};
		7AEF09941E8431120004368A /* Release */ = {
			isa = XCBuildConfiguration;
			baseConfigurationReference = 27179FB7E64AA1B96903D001 /* Pods-EmptyCocoapodsProject.release.xcconfig */;
			buildSettings = {
				ASSETCATALOG_COMPILER_APPICON_NAME = AppIcon;
				DEVELOPMENT_TEAM = 8VS9JKFDZS;
				INFOPLIST_FILE = EmptyCocoapodsProject/Info.plist;
				LD_RUNPATH_SEARCH_PATHS = "$(inherited) @executable_path/Frameworks";
				PRODUCT_BUNDLE_IDENTIFIER = "com.perfectly-cooked.EmptyCocoapodsProject";
				PRODUCT_NAME = "$(TARGET_NAME)";
				SWIFT_VERSION = 3.0;
			};
			name = Release;
		};
/* End XCBuildConfiguration section */

/* Begin XCConfigurationList section */
		7AEF097B1E8431120004368A /* Build configuration list for PBXProject "EmptyCocoapodsProject" */ = {
			isa = XCConfigurationList;
			buildConfigurations = (
				7AEF09901E8431120004368A /* Debug */,
				7AEF09911E8431120004368A /* Release */,
			);
			defaultConfigurationIsVisible = 0;
			defaultConfigurationName = Release;
		};
		7AEF09921E8431120004368A /* Build configuration list for PBXNativeTarget "EmptyCocoapodsProject" */ = {
			isa = XCConfigurationList;
			buildConfigurations = (
				7AEF09931E8431120004368A /* Debug */,
				7AEF09941E8431120004368A /* Release */,
			);
			defaultConfigurationIsVisible = 0;
		};
/* End XCConfigurationList section */
	};
	rootObject = 7AEF09781E8431120004368A /* Project object */;
}
